// !$*UTF8*$!
{
	archiveVersion = 1;
	classes = {
	};
	objectVersion = 50;
	objects = {

/* Begin PBXBuildFile section */
		061B02C824A104D8008E49CE /* AppDelegate.swift in Sources */ = {isa = PBXBuildFile; fileRef = 061B02C724A104D8008E49CE /* AppDelegate.swift */; };
		061B02CA24A104D8008E49CE /* SceneDelegate.swift in Sources */ = {isa = PBXBuildFile; fileRef = 061B02C924A104D8008E49CE /* SceneDelegate.swift */; };
		061B02CC24A104D8008E49CE /* ViewController.swift in Sources */ = {isa = PBXBuildFile; fileRef = 061B02CB24A104D8008E49CE /* ViewController.swift */; };
		061B02CF24A104D8008E49CE /* Main.storyboard in Resources */ = {isa = PBXBuildFile; fileRef = 061B02CD24A104D8008E49CE /* Main.storyboard */; };
		061B02D124A104DC008E49CE /* Assets.xcassets in Resources */ = {isa = PBXBuildFile; fileRef = 061B02D024A104DC008E49CE /* Assets.xcassets */; };
		061B02D424A104DC008E49CE /* LaunchScreen.storyboard in Resources */ = {isa = PBXBuildFile; fileRef = 061B02D224A104DC008E49CE /* LaunchScreen.storyboard */; };
		061B02DC24A112B8008E49CE /* CardModel.swift in Sources */ = {isa = PBXBuildFile; fileRef = 061B02DB24A112B8008E49CE /* CardModel.swift */; };
		061B02DE24A113A7008E49CE /* Card.swift in Sources */ = {isa = PBXBuildFile; fileRef = 061B02DD24A113A7008E49CE /* Card.swift */; };
		061B02E024A3B828008E49CE /* CardCollectionViewCell.swift in Sources */ = {isa = PBXBuildFile; fileRef = 061B02DF24A3B828008E49CE /* CardCollectionViewCell.swift */; };
		065FC31A24C0DDB900659EB0 /* cardflip.wav in Resources */ = {isa = PBXBuildFile; fileRef = 065FC31624C0DDB800659EB0 /* cardflip.wav */; };
		065FC31B24C0DDB900659EB0 /* shuffle.wav in Resources */ = {isa = PBXBuildFile; fileRef = 065FC31724C0DDB800659EB0 /* shuffle.wav */; };
		065FC31C24C0DDB900659EB0 /* dingwrong.wav in Resources */ = {isa = PBXBuildFile; fileRef = 065FC31824C0DDB800659EB0 /* dingwrong.wav */; };
		065FC31D24C0DDB900659EB0 /* dingcorrect.wav in Resources */ = {isa = PBXBuildFile; fileRef = 065FC31924C0DDB800659EB0 /* dingcorrect.wav */; };
		065FC32124C1E8D100659EB0 /* SoundManager.swift in Sources */ = {isa = PBXBuildFile; fileRef = 065FC32024C1E8D100659EB0 /* SoundManager.swift */; };
/* End PBXBuildFile section */

/* Begin PBXFileReference section */
		061B02C424A104D8008E49CE /* matchApp.app */ = {isa = PBXFileReference; explicitFileType = wrapper.application; includeInIndex = 0; path = matchApp.app; sourceTree = BUILT_PRODUCTS_DIR; };
		061B02C724A104D8008E49CE /* AppDelegate.swift */ = {isa = PBXFileReference; lastKnownFileType = sourcecode.swift; path = AppDelegate.swift; sourceTree = "<group>"; };
		061B02C924A104D8008E49CE /* SceneDelegate.swift */ = {isa = PBXFileReference; lastKnownFileType = sourcecode.swift; path = SceneDelegate.swift; sourceTree = "<group>"; };
		061B02CB24A104D8008E49CE /* ViewController.swift */ = {isa = PBXFileReference; lastKnownFileType = sourcecode.swift; path = ViewController.swift; sourceTree = "<group>"; };
		061B02CE24A104D8008E49CE /* Base */ = {isa = PBXFileReference; lastKnownFileType = file.storyboard; name = Base; path = Base.lproj/Main.storyboard; sourceTree = "<group>"; };
		061B02D024A104DC008E49CE /* Assets.xcassets */ = {isa = PBXFileReference; lastKnownFileType = folder.assetcatalog; path = Assets.xcassets; sourceTree = "<group>"; };
		061B02D324A104DC008E49CE /* Base */ = {isa = PBXFileReference; lastKnownFileType = file.storyboard; name = Base; path = Base.lproj/LaunchScreen.storyboard; sourceTree = "<group>"; };
		061B02D524A104DC008E49CE /* Info.plist */ = {isa = PBXFileReference; lastKnownFileType = text.plist.xml; path = Info.plist; sourceTree = "<group>"; };
		061B02DB24A112B8008E49CE /* CardModel.swift */ = {isa = PBXFileReference; lastKnownFileType = sourcecode.swift; path = CardModel.swift; sourceTree = "<group>"; };
		061B02DD24A113A7008E49CE /* Card.swift */ = {isa = PBXFileReference; lastKnownFileType = sourcecode.swift; path = Card.swift; sourceTree = "<group>"; };
		061B02DF24A3B828008E49CE /* CardCollectionViewCell.swift */ = {isa = PBXFileReference; lastKnownFileType = sourcecode.swift; path = CardCollectionViewCell.swift; sourceTree = "<group>"; };
		065FC31624C0DDB800659EB0 /* cardflip.wav */ = {isa = PBXFileReference; lastKnownFileType = audio.wav; path = cardflip.wav; sourceTree = "<group>"; };
		065FC31724C0DDB800659EB0 /* shuffle.wav */ = {isa = PBXFileReference; lastKnownFileType = audio.wav; path = shuffle.wav; sourceTree = "<group>"; };
		065FC31824C0DDB800659EB0 /* dingwrong.wav */ = {isa = PBXFileReference; lastKnownFileType = audio.wav; path = dingwrong.wav; sourceTree = "<group>"; };
		065FC31924C0DDB800659EB0 /* dingcorrect.wav */ = {isa = PBXFileReference; lastKnownFileType = audio.wav; path = dingcorrect.wav; sourceTree = "<group>"; };
		065FC32024C1E8D100659EB0 /* SoundManager.swift */ = {isa = PBXFileReference; lastKnownFileType = sourcecode.swift; path = SoundManager.swift; sourceTree = "<group>"; };
/* End PBXFileReference section */

/* Begin PBXFrameworksBuildPhase section */
		061B02C124A104D8008E49CE /* Frameworks */ = {
			isa = PBXFrameworksBuildPhase;
			buildActionMask = 2147483647;
			files = (
			);
			runOnlyForDeploymentPostprocessing = 0;
		};
/* End PBXFrameworksBuildPhase section */

/* Begin PBXGroup section */
		061B02BB24A104D8008E49CE = {
			isa = PBXGroup;
			children = (
				061B02C624A104D8008E49CE /* matchApp */,
				061B02C524A104D8008E49CE /* Products */,
			);
			sourceTree = "<group>";
		};
		061B02C524A104D8008E49CE /* Products */ = {
			isa = PBXGroup;
			children = (
				061B02C424A104D8008E49CE /* matchApp.app */,
			);
			name = Products;
			sourceTree = "<group>";
		};
		061B02C624A104D8008E49CE /* matchApp */ = {
			isa = PBXGroup;
			children = (
				061B02C724A104D8008E49CE /* AppDelegate.swift */,
				061B02C924A104D8008E49CE /* SceneDelegate.swift */,
				061B02CB24A104D8008E49CE /* ViewController.swift */,
				061B02DB24A112B8008E49CE /* CardModel.swift */,
				061B02DD24A113A7008E49CE /* Card.swift */,
				061B02DF24A3B828008E49CE /* CardCollectionViewCell.swift */,
				065FC32024C1E8D100659EB0 /* SoundManager.swift */,
				061B02CD24A104D8008E49CE /* Main.storyboard */,
				061B02D024A104DC008E49CE /* Assets.xcassets */,
				065FC31524C0DD8600659EB0 /* sounds */,
				061B02D224A104DC008E49CE /* LaunchScreen.storyboard */,
				061B02D524A104DC008E49CE /* Info.plist */,
			);
			path = matchApp;
			sourceTree = "<group>";
		};
		065FC31524C0DD8600659EB0 /* sounds */ = {
			isa = PBXGroup;
			children = (
				065FC31624C0DDB800659EB0 /* cardflip.wav */,
				065FC31924C0DDB800659EB0 /* dingcorrect.wav */,
				065FC31824C0DDB800659EB0 /* dingwrong.wav */,
				065FC31724C0DDB800659EB0 /* shuffle.wav */,
			);
			path = sounds;
			sourceTree = "<group>";
		};
/* End PBXGroup section */

/* Begin PBXNativeTarget section */
		061B02C324A104D8008E49CE /* matchApp */ = {
			isa = PBXNativeTarget;
			buildConfigurationList = 061B02D824A104DC008E49CE /* Build configuration list for PBXNativeTarget "matchApp" */;
			buildPhases = (
				061B02C024A104D8008E49CE /* Sources */,
				061B02C124A104D8008E49CE /* Frameworks */,
				061B02C224A104D8008E49CE /* Resources */,
			);
			buildRules = (
			);
			dependencies = (
			);
			name = matchApp;
			productName = matchApp;
			productReference = 061B02C424A104D8008E49CE /* matchApp.app */;
			productType = "com.apple.product-type.application";
		};
/* End PBXNativeTarget section */

/* Begin PBXProject section */
		061B02BC24A104D8008E49CE /* Project object */ = {
			isa = PBXProject;
			attributes = {
				LastSwiftUpdateCheck = 1150;
				LastUpgradeCheck = 1150;
				ORGANIZATIONNAME = camelKase;
				TargetAttributes = {
					061B02C324A104D8008E49CE = {
						CreatedOnToolsVersion = 11.5;
					};
				};
			};
			buildConfigurationList = 061B02BF24A104D8008E49CE /* Build configuration list for PBXProject "matchApp" */;
			compatibilityVersion = "Xcode 9.3";
			developmentRegion = en;
			hasScannedForEncodings = 0;
			knownRegions = (
				en,
				Base,
			);
			mainGroup = 061B02BB24A104D8008E49CE;
			productRefGroup = 061B02C524A104D8008E49CE /* Products */;
			projectDirPath = "";
			projectRoot = "";
			targets = (
				061B02C324A104D8008E49CE /* matchApp */,
			);
		};
/* End PBXProject section */

/* Begin PBXResourcesBuildPhase section */
		061B02C224A104D8008E49CE /* Resources */ = {
			isa = PBXResourcesBuildPhase;
			buildActionMask = 2147483647;
			files = (
				061B02D424A104DC008E49CE /* LaunchScreen.storyboard in Resources */,
				065FC31A24C0DDB900659EB0 /* cardflip.wav in Resources */,
				065FC31C24C0DDB900659EB0 /* dingwrong.wav in Resources */,
				061B02D124A104DC008E49CE /* Assets.xcassets in Resources */,
				061B02CF24A104D8008E49CE /* Main.storyboard in Resources */,
				065FC31D24C0DDB900659EB0 /* dingcorrect.wav in Resources */,
				065FC31B24C0DDB900659EB0 /* shuffle.wav in Resources */,
			);
			runOnlyForDeploymentPostprocessing = 0;
		};
/* End PBXResourcesBuildPhase section */

/* Begin PBXSourcesBuildPhase section */
		061B02C024A104D8008E49CE /* Sources */ = {
			isa = PBXSourcesBuildPhase;
			buildActionMask = 2147483647;
			files = (
				061B02CC24A104D8008E49CE /* ViewController.swift in Sources */,
				061B02DC24A112B8008E49CE /* CardModel.swift in Sources */,
				061B02DE24A113A7008E49CE /* Card.swift in Sources */,
				061B02C824A104D8008E49CE /* AppDelegate.swift in Sources */,
				061B02E024A3B828008E49CE /* CardCollectionViewCell.swift in Sources */,
				065FC32124C1E8D100659EB0 /* SoundManager.swift in Sources */,
				061B02CA24A104D8008E49CE /* SceneDelegate.swift in Sources */,
			);
			runOnlyForDeploymentPostprocessing = 0;
		};
/* End PBXSourcesBuildPhase section */

/* Begin PBXVariantGroup section */
		061B02CD24A104D8008E49CE /* Main.storyboard */ = {
			isa = PBXVariantGroup;
			children = (
				061B02CE24A104D8008E49CE /* Base */,
			);
			name = Main.storyboard;
			sourceTree = "<group>";
		};
		061B02D224A104DC008E49CE /* LaunchScreen.storyboard */ = {
			isa = PBXVariantGroup;
			children = (
				061B02D324A104DC008E49CE /* Base */,
			);
			name = LaunchScreen.storyboard;
			sourceTree = "<group>";
		};
/* End PBXVariantGroup section */

/* Begin XCBuildConfiguration section */
		061B02D624A104DC008E49CE /* Debug */ = {
			isa = XCBuildConfiguration;
			buildSettings = {
				ALWAYS_SEARCH_USER_PATHS = NO;
				CLANG_ANALYZER_NONNULL = YES;
				CLANG_ANALYZER_NUMBER_OBJECT_CONVERSION = YES_AGGRESSIVE;
				CLANG_CXX_LANGUAGE_STANDARD = "gnu++14";
				CLANG_CXX_LIBRARY = "libc++";
				CLANG_ENABLE_MODULES = YES;
				CLANG_ENABLE_OBJC_ARC = YES;
				CLANG_ENABLE_OBJC_WEAK = YES;
				CLANG_WARN_BLOCK_CAPTURE_AUTORELEASING = YES;
				CLANG_WARN_BOOL_CONVERSION = YES;
				CLANG_WARN_COMMA = YES;
				CLANG_WARN_CONSTANT_CONVERSION = YES;
				CLANG_WARN_DEPRECATED_OBJC_IMPLEMENTATIONS = YES;
				CLANG_WARN_DIRECT_OBJC_ISA_USAGE = YES_ERROR;
				CLANG_WARN_DOCUMENTATION_COMMENTS = YES;
				CLANG_WARN_EMPTY_BODY = YES;
				CLANG_WARN_ENUM_CONVERSION = YES;
				CLANG_WARN_INFINITE_RECURSION = YES;
				CLANG_WARN_INT_CONVERSION = YES;
				CLANG_WARN_NON_LITERAL_NULL_CONVERSION = YES;
				CLANG_WARN_OBJC_IMPLICIT_RETAIN_SELF = YES;
				CLANG_WARN_OBJC_LITERAL_CONVERSION = YES;
				CLANG_WARN_OBJC_ROOT_CLASS = YES_ERROR;
				CLANG_WARN_RANGE_LOOP_ANALYSIS = YES;
				CLANG_WARN_STRICT_PROTOTYPES = YES;
				CLANG_WARN_SUSPICIOUS_MOVE = YES;
				CLANG_WARN_UNGUARDED_AVAILABILITY = YES_AGGRESSIVE;
				CLANG_WARN_UNREACHABLE_CODE = YES;
				CLANG_WARN__DUPLICATE_METHOD_MATCH = YES;
				COPY_PHASE_STRIP = NO;
				DEBUG_INFORMATION_FORMAT = dwarf;
				ENABLE_STRICT_OBJC_MSGSEND = YES;
				ENABLE_TESTABILITY = YES;
				GCC_C_LANGUAGE_STANDARD = gnu11;
				GCC_DYNAMIC_NO_PIC = NO;
				GCC_NO_COMMON_BLOCKS = YES;
				GCC_OPTIMIZATION_LEVEL = 0;
				GCC_PREPROCESSOR_DEFINITIONS = (
					"DEBUG=1",
					"$(inherited)",
				);
				GCC_WARN_64_TO_32_BIT_CONVERSION = YES;
				GCC_WARN_ABOUT_RETURN_TYPE = YES_ERROR;
				GCC_WARN_UNDECLARED_SELECTOR = YES;
				GCC_WARN_UNINITIALIZED_AUTOS = YES_AGGRESSIVE;
				GCC_WARN_UNUSED_FUNCTION = YES;
				GCC_WARN_UNUSED_VARIABLE = YES;
				IPHONEOS_DEPLOYMENT_TARGET = 13.5;
				MTL_ENABLE_DEBUG_INFO = INCLUDE_SOURCE;
				MTL_FAST_MATH = YES;
				ONLY_ACTIVE_ARCH = YES;
				SDKROOT = iphoneos;
				SWIFT_ACTIVE_COMPILATION_CONDITIONS = DEBUG;
				SWIFT_OPTIMIZATION_LEVEL = "-Onone";
			};
			name = Debug;
		};
		061B02D724A104DC008E49CE /* Release */ = {
			isa = XCBuildConfiguration;
			buildSettings = {
				ALWAYS_SEARCH_USER_PATHS = NO;
				CLANG_ANALYZER_NONNULL = YES;
				CLANG_ANALYZER_NUMBER_OBJECT_CONVERSION = YES_AGGRESSIVE;
				CLANG_CXX_LANGUAGE_STANDARD = "gnu++14";
				CLANG_CXX_LIBRARY = "libc++";
				CLANG_ENABLE_MODULES = YES;
				CLANG_ENABLE_OBJC_ARC = YES;
				CLANG_ENABLE_OBJC_WEAK = YES;
				CLANG_WARN_BLOCK_CAPTURE_AUTORELEASING = YES;
				CLANG_WARN_BOOL_CONVERSION = YES;
				CLANG_WARN_COMMA = YES;
				CLANG_WARN_CONSTANT_CONVERSION = YES;
				CLANG_WARN_DEPRECATED_OBJC_IMPLEMENTATIONS = YES;
				CLANG_WARN_DIRECT_OBJC_ISA_USAGE = YES_ERROR;
				CLANG_WARN_DOCUMENTATION_COMMENTS = YES;
				CLANG_WARN_EMPTY_BODY = YES;
				CLANG_WARN_ENUM_CONVERSION = YES;
				CLANG_WARN_INFINITE_RECURSION = YES;
				CLANG_WARN_INT_CONVERSION = YES;
				CLANG_WARN_NON_LITERAL_NULL_CONVERSION = YES;
				CLANG_WARN_OBJC_IMPLICIT_RETAIN_SELF = YES;
				CLANG_WARN_OBJC_LITERAL_CONVERSION = YES;
				CLANG_WARN_OBJC_ROOT_CLASS = YES_ERROR;
				CLANG_WARN_RANGE_LOOP_ANALYSIS = YES;
				CLANG_WARN_STRICT_PROTOTYPES = YES;
				CLANG_WARN_SUSPICIOUS_MOVE = YES;
				CLANG_WARN_UNGUARDED_AVAILABILITY = YES_AGGRESSIVE;
				CLANG_WARN_UNREACHABLE_CODE = YES;
				CLANG_WARN__DUPLICATE_METHOD_MATCH = YES;
				COPY_PHASE_STRIP = NO;
				DEBUG_INFORMATION_FORMAT = "dwarf-with-dsym";
				ENABLE_NS_ASSERTIONS = NO;
				ENABLE_STRICT_OBJC_MSGSEND = YES;
				GCC_C_LANGUAGE_STANDARD = gnu11;
				GCC_NO_COMMON_BLOCKS = YES;
				GCC_WARN_64_TO_32_BIT_CONVERSION = YES;
				GCC_WARN_ABOUT_RETURN_TYPE = YES_ERROR;
				GCC_WARN_UNDECLARED_SELECTOR = YES;
				GCC_WARN_UNINITIALIZED_AUTOS = YES_AGGRESSIVE;
				GCC_WARN_UNUSED_FUNCTION = YES;
				GCC_WARN_UNUSED_VARIABLE = YES;
				IPHONEOS_DEPLOYMENT_TARGET = 13.5;
				MTL_ENABLE_DEBUG_INFO = NO;
				MTL_FAST_MATH = YES;
				SDKROOT = iphoneos;
				SWIFT_COMPILATION_MODE = wholemodule;
				SWIFT_OPTIMIZATION_LEVEL = "-O";
				VALIDATE_PRODUCT = YES;
			};
			name = Release;
		};
		061B02D924A104DC008E49CE /* Debug */ = {
			isa = XCBuildConfiguration;
			buildSettings = {
				ASSETCATALOG_COMPILER_APPICON_NAME = AppIcon;
				CODE_SIGN_STYLE = Automatic;
				DEVELOPMENT_TEAM = LXZY3T263D;
				INFOPLIST_FILE = matchApp/Info.plist;
				LD_RUNPATH_SEARCH_PATHS = (
					"$(inherited)",
					"@executable_path/Frameworks",
				);
				PRODUCT_BUNDLE_IDENTIFIER = com.camelKase.matchApp;
				PRODUCT_NAME = "$(TARGET_NAME)";
				SWIFT_VERSION = 5.0;
				TARGETED_DEVICE_FAMILY = "1,2";
			};
			name = Debug;
		};
		061B02DA24A104DC008E49CE /* Release */ = {
			isa = XCBuildConfiguration;
			buildSettings = {
				ASSETCATALOG_COMPILER_APPICON_NAME = AppIcon;
				CODE_SIGN_STYLE = Automatic;
				DEVELOPMENT_TEAM = LXZY3T263D;
				INFOPLIST_FILE = matchApp/Info.plist;
				LD_RUNPATH_SEARCH_PATHS = (
					"$(inherited)",
					"@executable_path/Frameworks",
				);
				PRODUCT_BUNDLE_IDENTIFIER = com.camelKase.matchApp;
				PRODUCT_NAME = "$(TARGET_NAME)";
				SWIFT_VERSION = 5.0;
				TARGETED_DEVICE_FAMILY = "1,2";
			};
			name = Release;
		};
/* End XCBuildConfiguration section */

/* Begin XCConfigurationList section */
		061B02BF24A104D8008E49CE /* Build configuration list for PBXProject "matchApp" */ = {
			isa = XCConfigurationList;
			buildConfigurations = (
				061B02D624A104DC008E49CE /* Debug */,
				061B02D724A104DC008E49CE /* Release */,
			);
			defaultConfigurationIsVisible = 0;
			defaultConfigurationName = Release;
		};
		061B02D824A104DC008E49CE /* Build configuration list for PBXNativeTarget "matchApp" */ = {
			isa = XCConfigurationList;
			buildConfigurations = (
				061B02D924A104DC008E49CE /* Debug */,
				061B02DA24A104DC008E49CE /* Release */,
			);
			defaultConfigurationIsVisible = 0;
			defaultConfigurationName = Release;
		};
/* End XCConfigurationList section */
	};
	rootObject = 061B02BC24A104D8008E49CE /* Project object */;
}
